
Microsoft Visual Studio Solution File, Format Version 12.00
# Visual Studio Version 17
VisualStudioVersion = 17.7.34024.191
MinimumVisualStudioVersion = 10.0.40219.1
Project("{FAE04EC0-301F-11D3-BF4B-00C04F79EFBC}") = "ClassesAndObjects", "ClassesAndObjects\ClassesAndObjects.csproj", "{F57C76E3-017F-49E9-8A74-385710A6F930}"
EndProject
Global
	GlobalSection(SolutionConfigurationPlatforms) = preSolution
		Debug|Any CPU = Debug|Any CPU
		Release|Any CPU = Release|Any CPU
	EndGlobalSection
	GlobalSection(ProjectConfigurationPlatforms) = postSolution
		{F57C76E3-017F-49E9-8A74-385710A6F930}.Debug|Any CPU.ActiveCfg = Debug|Any CPU
		{F57C76E3-017F-49E9-8A74-385710A6F930}.Debug|Any CPU.Build.0 = Debug|Any CPU
		{F57C76E3-017F-49E9-8A74-385710A6F930}.Release|Any CPU.ActiveCfg = Release|Any CPU
		{F57C76E3-017F-49E9-8A74-385710A6F930}.Release|Any CPU.Build.0 = Release|Any CPU
	EndGlobalSection
	GlobalSection(SolutionProperties) = preSolution
		HideSolutionNode = FALSE
	EndGlobalSection
	GlobalSection(ExtensibilityGlobals) = postSolution
		SolutionGuid = {407B8AD7-EDE5-4B4B-8304-A7936845B7E3}
	EndGlobalSection
EndGlobal
